
Microsoft Visual Studio Solution File, Format Version 12.00
# Visual Studio 15
VisualStudioVersion = 15.0.27428.2037
MinimumVisualStudioVersion = 10.0.40219.1
Project("{FAE04EC0-301F-11D3-BF4B-00C04F79EFBC}") = "Max.Android", "Max\Max.Android\Max.Android.csproj", "{39C55028-908A-4E24-8A96-8454AFA8690E}"
EndProject
Project("{FAE04EC0-301F-11D3-BF4B-00C04F79EFBC}") = "Max.iOS", "Max\Max.iOS\Max.iOS.csproj", "{64118ED1-9CD3-4B99-8F91-BAAE5633BE5B}"
EndProject
Project("{FAE04EC0-301F-11D3-BF4B-00C04F79EFBC}") = "Max.UWP", "Max\Max.UWP\Max.UWP.csproj", "{DBBF01D0-8CE6-440F-8DD8-7641A7FD2BB5}"
EndProject
Project("{9A19103F-16F7-4668-BE54-9A1E7A4F7556}") = "Max", "Max\Max\Max.csproj", "{40642777-6949-4C60-9F4A-965ACC4B56DB}"
EndProject
Project("{9A19103F-16F7-4668-BE54-9A1E7A4F7556}") = "Max.Domain", "Max.Core\Max.Domain.csproj", "{8CDD6087-F302-484E-A8A8-C59706761D68}"
EndProject
Project("{9A19103F-16F7-4668-BE54-9A1E7A4F7556}") = "Max.Service", "Max.Service\Max.Service.csproj", "{A67C4DB5-413E-48A1-BB16-636991B2D102}"
EndProject
Project("{9A19103F-16F7-4668-BE54-9A1E7A4F7556}") = "Max.Data", "Max.Data\Max.Data.csproj", "{8B7C05B1-9CD1-48FC-8E11-5707CC11CDF5}"
EndProject
Project("{FAE04EC0-301F-11D3-BF4B-00C04F79EFBC}") = "MaxEd.UI", "MaxEd.UI\MaxEd.UI.csproj", "{B37FCDC1-7B90-427B-84EA-E04C723639B8}"
EndProject
Global
	GlobalSection(SolutionConfigurationPlatforms) = preSolution
		Ad-Hoc|Any CPU = Ad-Hoc|Any CPU
		Ad-Hoc|ARM = Ad-Hoc|ARM
		Ad-Hoc|iPhone = Ad-Hoc|iPhone
		Ad-Hoc|iPhoneSimulator = Ad-Hoc|iPhoneSimulator
		Ad-Hoc|x64 = Ad-Hoc|x64
		Ad-Hoc|x86 = Ad-Hoc|x86
		AppStore|Any CPU = AppStore|Any CPU
		AppStore|ARM = AppStore|ARM
		AppStore|iPhone = AppStore|iPhone
		AppStore|iPhoneSimulator = AppStore|iPhoneSimulator
		AppStore|x64 = AppStore|x64
		AppStore|x86 = AppStore|x86
		Debug|Any CPU = Debug|Any CPU
		Debug|ARM = Debug|ARM
		Debug|iPhone = Debug|iPhone
		Debug|iPhoneSimulator = Debug|iPhoneSimulator
		Debug|x64 = Debug|x64
		Debug|x86 = Debug|x86
		Release|Any CPU = Release|Any CPU
		Release|ARM = Release|ARM
		Release|iPhone = Release|iPhone
		Release|iPhoneSimulator = Release|iPhoneSimulator
		Release|x64 = Release|x64
		Release|x86 = Release|x86
	EndGlobalSection
	GlobalSection(ProjectConfigurationPlatforms) = postSolution
		{39C55028-908A-4E24-8A96-8454AFA8690E}.Ad-Hoc|Any CPU.ActiveCfg = Release|Any CPU
		{39C55028-908A-4E24-8A96-8454AFA8690E}.Ad-Hoc|Any CPU.Build.0 = Release|Any CPU
		{39C55028-908A-4E24-8A96-8454AFA8690E}.Ad-Hoc|Any CPU.Deploy.0 = Release|Any CPU
		{39C55028-908A-4E24-8A96-8454AFA8690E}.Ad-Hoc|ARM.ActiveCfg = Release|Any CPU
		{39C55028-908A-4E24-8A96-8454AFA8690E}.Ad-Hoc|ARM.Build.0 = Release|Any CPU
		{39C55028-908A-4E24-8A96-8454AFA8690E}.Ad-Hoc|ARM.Deploy.0 = Release|Any CPU
		{39C55028-908A-4E24-8A96-8454AFA8690E}.Ad-Hoc|iPhone.ActiveCfg = Release|Any CPU
		{39C55028-908A-4E24-8A96-8454AFA8690E}.Ad-Hoc|iPhone.Build.0 = Release|Any CPU
		{39C55028-908A-4E24-8A96-8454AFA8690E}.Ad-Hoc|iPhone.Deploy.0 = Release|Any CPU
		{39C55028-908A-4E24-8A96-8454AFA8690E}.Ad-Hoc|iPhoneSimulator.ActiveCfg = Release|Any CPU
		{39C55028-908A-4E24-8A96-8454AFA8690E}.Ad-Hoc|iPhoneSimulator.Build.0 = Release|Any CPU
		{39C55028-908A-4E24-8A96-8454AFA8690E}.Ad-Hoc|iPhoneSimulator.Deploy.0 = Release|Any CPU
		{39C55028-908A-4E24-8A96-8454AFA8690E}.Ad-Hoc|x64.ActiveCfg = Release|Any CPU
		{39C55028-908A-4E24-8A96-8454AFA8690E}.Ad-Hoc|x64.Build.0 = Release|Any CPU
		{39C55028-908A-4E24-8A96-8454AFA8690E}.Ad-Hoc|x64.Deploy.0 = Release|Any CPU
		{39C55028-908A-4E24-8A96-8454AFA8690E}.Ad-Hoc|x86.ActiveCfg = Release|Any CPU
		{39C55028-908A-4E24-8A96-8454AFA8690E}.Ad-Hoc|x86.Build.0 = Release|Any CPU
		{39C55028-908A-4E24-8A96-8454AFA8690E}.Ad-Hoc|x86.Deploy.0 = Release|Any CPU
		{39C55028-908A-4E24-8A96-8454AFA8690E}.AppStore|Any CPU.ActiveCfg = Release|Any CPU
		{39C55028-908A-4E24-8A96-8454AFA8690E}.AppStore|Any CPU.Build.0 = Release|Any CPU
		{39C55028-908A-4E24-8A96-8454AFA8690E}.AppStore|Any CPU.Deploy.0 = Release|Any CPU
		{39C55028-908A-4E24-8A96-8454AFA8690E}.AppStore|ARM.ActiveCfg = Release|Any CPU
		{39C55028-908A-4E24-8A96-8454AFA8690E}.AppStore|ARM.Build.0 = Release|Any CPU
		{39C55028-908A-4E24-8A96-8454AFA8690E}.AppStore|ARM.Deploy.0 = Release|Any CPU
		{39C55028-908A-4E24-8A96-8454AFA8690E}.AppStore|iPhone.ActiveCfg = Release|Any CPU
		{39C55028-908A-4E24-8A96-8454AFA8690E}.AppStore|iPhone.Build.0 = Release|Any CPU
		{39C55028-908A-4E24-8A96-8454AFA8690E}.AppStore|iPhone.Deploy.0 = Release|Any CPU
		{39C55028-908A-4E24-8A96-8454AFA8690E}.AppStore|iPhoneSimulator.ActiveCfg = Release|Any CPU
		{39C55028-908A-4E24-8A96-8454AFA8690E}.AppStore|iPhoneSimulator.Build.0 = Release|Any CPU
		{39C55028-908A-4E24-8A96-8454AFA8690E}.AppStore|iPhoneSimulator.Deploy.0 = Release|Any CPU
		{39C55028-908A-4E24-8A96-8454AFA8690E}.AppStore|x64.ActiveCfg = Release|Any CPU
		{39C55028-908A-4E24-8A96-8454AFA8690E}.AppStore|x64.Build.0 = Release|Any CPU
		{39C55028-908A-4E24-8A96-8454AFA8690E}.AppStore|x64.Deploy.0 = Release|Any CPU
		{39C55028-908A-4E24-8A96-8454AFA8690E}.AppStore|x86.ActiveCfg = Release|Any CPU
		{39C55028-908A-4E24-8A96-8454AFA8690E}.AppStore|x86.Build.0 = Release|Any CPU
		{39C55028-908A-4E24-8A96-8454AFA8690E}.AppStore|x86.Deploy.0 = Release|Any CPU
		{39C55028-908A-4E24-8A96-8454AFA8690E}.Debug|Any CPU.ActiveCfg = Debug|Any CPU
		{39C55028-908A-4E24-8A96-8454AFA8690E}.Debug|Any CPU.Build.0 = Debug|Any CPU
		{39C55028-908A-4E24-8A96-8454AFA8690E}.Debug|Any CPU.Deploy.0 = Debug|Any CPU
		{39C55028-908A-4E24-8A96-8454AFA8690E}.Debug|ARM.ActiveCfg = Debug|Any CPU
		{39C55028-908A-4E24-8A96-8454AFA8690E}.Debug|ARM.Build.0 = Debug|Any CPU
		{39C55028-908A-4E24-8A96-8454AFA8690E}.Debug|ARM.Deploy.0 = Debug|Any CPU
		{39C55028-908A-4E24-8A96-8454AFA8690E}.Debug|iPhone.ActiveCfg = Debug|Any CPU
		{39C55028-908A-4E24-8A96-8454AFA8690E}.Debug|iPhone.Build.0 = Debug|Any CPU
		{39C55028-908A-4E24-8A96-8454AFA8690E}.Debug|iPhone.Deploy.0 = Debug|Any CPU
		{39C55028-908A-4E24-8A96-8454AFA8690E}.Debug|iPhoneSimulator.ActiveCfg = Debug|Any CPU
		{39C55028-908A-4E24-8A96-8454AFA8690E}.Debug|iPhoneSimulator.Build.0 = Debug|Any CPU
		{39C55028-908A-4E24-8A96-8454AFA8690E}.Debug|iPhoneSimulator.Deploy.0 = Debug|Any CPU
		{39C55028-908A-4E24-8A96-8454AFA8690E}.Debug|x64.ActiveCfg = Debug|Any CPU
		{39C55028-908A-4E24-8A96-8454AFA8690E}.Debug|x64.Build.0 = Debug|Any CPU
		{39C55028-908A-4E24-8A96-8454AFA8690E}.Debug|x64.Deploy.0 = Debug|Any CPU
		{39C55028-908A-4E24-8A96-8454AFA8690E}.Debug|x86.ActiveCfg = Debug|Any CPU
		{39C55028-908A-4E24-8A96-8454AFA8690E}.Debug|x86.Build.0 = Debug|Any CPU
		{39C55028-908A-4E24-8A96-8454AFA8690E}.Debug|x86.Deploy.0 = Debug|Any CPU
		{39C55028-908A-4E24-8A96-8454AFA8690E}.Release|Any CPU.ActiveCfg = Release|Any CPU
		{39C55028-908A-4E24-8A96-8454AFA8690E}.Release|Any CPU.Build.0 = Release|Any CPU
		{39C55028-908A-4E24-8A96-8454AFA8690E}.Release|Any CPU.Deploy.0 = Release|Any CPU
		{39C55028-908A-4E24-8A96-8454AFA8690E}.Release|ARM.ActiveCfg = Release|Any CPU
		{39C55028-908A-4E24-8A96-8454AFA8690E}.Release|ARM.Build.0 = Release|Any CPU
		{39C55028-908A-4E24-8A96-8454AFA8690E}.Release|ARM.Deploy.0 = Release|Any CPU
		{39C55028-908A-4E24-8A96-8454AFA8690E}.Release|iPhone.ActiveCfg = Release|Any CPU
		{39C55028-908A-4E24-8A96-8454AFA8690E}.Release|iPhone.Build.0 = Release|Any CPU
		{39C55028-908A-4E24-8A96-8454AFA8690E}.Release|iPhone.Deploy.0 = Release|Any CPU
		{39C55028-908A-4E24-8A96-8454AFA8690E}.Release|iPhoneSimulator.ActiveCfg = Release|Any CPU
		{39C55028-908A-4E24-8A96-8454AFA8690E}.Release|iPhoneSimulator.Build.0 = Release|Any CPU
		{39C55028-908A-4E24-8A96-8454AFA8690E}.Release|iPhoneSimulator.Deploy.0 = Release|Any CPU
		{39C55028-908A-4E24-8A96-8454AFA8690E}.Release|x64.ActiveCfg = Release|Any CPU
		{39C55028-908A-4E24-8A96-8454AFA8690E}.Release|x64.Build.0 = Release|Any CPU
		{39C55028-908A-4E24-8A96-8454AFA8690E}.Release|x64.Deploy.0 = Release|Any CPU
		{39C55028-908A-4E24-8A96-8454AFA8690E}.Release|x86.ActiveCfg = Release|Any CPU
		{39C55028-908A-4E24-8A96-8454AFA8690E}.Release|x86.Build.0 = Release|Any CPU
		{39C55028-908A-4E24-8A96-8454AFA8690E}.Release|x86.Deploy.0 = Release|Any CPU
		{64118ED1-9CD3-4B99-8F91-BAAE5633BE5B}.Ad-Hoc|Any CPU.ActiveCfg = Ad-Hoc|iPhone
		{64118ED1-9CD3-4B99-8F91-BAAE5633BE5B}.Ad-Hoc|ARM.ActiveCfg = Ad-Hoc|iPhone
		{64118ED1-9CD3-4B99-8F91-BAAE5633BE5B}.Ad-Hoc|iPhone.ActiveCfg = Ad-Hoc|iPhone
		{64118ED1-9CD3-4B99-8F91-BAAE5633BE5B}.Ad-Hoc|iPhone.Build.0 = Ad-Hoc|iPhone
		{64118ED1-9CD3-4B99-8F91-BAAE5633BE5B}.Ad-Hoc|iPhoneSimulator.ActiveCfg = Ad-Hoc|iPhoneSimulator
		{64118ED1-9CD3-4B99-8F91-BAAE5633BE5B}.Ad-Hoc|iPhoneSimulator.Build.0 = Ad-Hoc|iPhoneSimulator
		{64118ED1-9CD3-4B99-8F91-BAAE5633BE5B}.Ad-Hoc|x64.ActiveCfg = Ad-Hoc|iPhone
		{64118ED1-9CD3-4B99-8F91-BAAE5633BE5B}.Ad-Hoc|x86.ActiveCfg = Ad-Hoc|iPhone
		{64118ED1-9CD3-4B99-8F91-BAAE5633BE5B}.AppStore|Any CPU.ActiveCfg = AppStore|iPhone
		{64118ED1-9CD3-4B99-8F91-BAAE5633BE5B}.AppStore|ARM.ActiveCfg = AppStore|iPhone
		{64118ED1-9CD3-4B99-8F91-BAAE5633BE5B}.AppStore|iPhone.ActiveCfg = AppStore|iPhone
		{64118ED1-9CD3-4B99-8F91-BAAE5633BE5B}.AppStore|iPhone.Build.0 = AppStore|iPhone
		{64118ED1-9CD3-4B99-8F91-BAAE5633BE5B}.AppStore|iPhoneSimulator.ActiveCfg = AppStore|iPhoneSimulator
		{64118ED1-9CD3-4B99-8F91-BAAE5633BE5B}.AppStore|iPhoneSimulator.Build.0 = AppStore|iPhoneSimulator
		{64118ED1-9CD3-4B99-8F91-BAAE5633BE5B}.AppStore|x64.ActiveCfg = AppStore|iPhone
		{64118ED1-9CD3-4B99-8F91-BAAE5633BE5B}.AppStore|x86.ActiveCfg = AppStore|iPhone
		{64118ED1-9CD3-4B99-8F91-BAAE5633BE5B}.Debug|Any CPU.ActiveCfg = Debug|iPhone
		{64118ED1-9CD3-4B99-8F91-BAAE5633BE5B}.Debug|ARM.ActiveCfg = Debug|iPhone
		{64118ED1-9CD3-4B99-8F91-BAAE5633BE5B}.Debug|iPhone.ActiveCfg = Debug|iPhone
		{64118ED1-9CD3-4B99-8F91-BAAE5633BE5B}.Debug|iPhone.Build.0 = Debug|iPhone
		{64118ED1-9CD3-4B99-8F91-BAAE5633BE5B}.Debug|iPhoneSimulator.ActiveCfg = Debug|iPhoneSimulator
		{64118ED1-9CD3-4B99-8F91-BAAE5633BE5B}.Debug|iPhoneSimulator.Build.0 = Debug|iPhoneSimulator
		{64118ED1-9CD3-4B99-8F91-BAAE5633BE5B}.Debug|x64.ActiveCfg = Debug|iPhone
		{64118ED1-9CD3-4B99-8F91-BAAE5633BE5B}.Debug|x86.ActiveCfg = Debug|iPhone
		{64118ED1-9CD3-4B99-8F91-BAAE5633BE5B}.Release|Any CPU.ActiveCfg = Release|iPhone
		{64118ED1-9CD3-4B99-8F91-BAAE5633BE5B}.Release|ARM.ActiveCfg = Release|iPhone
		{64118ED1-9CD3-4B99-8F91-BAAE5633BE5B}.Release|iPhone.ActiveCfg = Release|iPhone
		{64118ED1-9CD3-4B99-8F91-BAAE5633BE5B}.Release|iPhone.Build.0 = Release|iPhone
		{64118ED1-9CD3-4B99-8F91-BAAE5633BE5B}.Release|iPhoneSimulator.ActiveCfg = Release|iPhoneSimulator
		{64118ED1-9CD3-4B99-8F91-BAAE5633BE5B}.Release|iPhoneSimulator.Build.0 = Release|iPhoneSimulator
		{64118ED1-9CD3-4B99-8F91-BAAE5633BE5B}.Release|x64.ActiveCfg = Release|iPhone
		{64118ED1-9CD3-4B99-8F91-BAAE5633BE5B}.Release|x86.ActiveCfg = Release|iPhone
		{DBBF01D0-8CE6-440F-8DD8-7641A7FD2BB5}.Ad-Hoc|Any CPU.ActiveCfg = Release|x86
		{DBBF01D0-8CE6-440F-8DD8-7641A7FD2BB5}.Ad-Hoc|Any CPU.Build.0 = Release|x86
		{DBBF01D0-8CE6-440F-8DD8-7641A7FD2BB5}.Ad-Hoc|Any CPU.Deploy.0 = Release|x86
		{DBBF01D0-8CE6-440F-8DD8-7641A7FD2BB5}.Ad-Hoc|ARM.ActiveCfg = Release|ARM
		{DBBF01D0-8CE6-440F-8DD8-7641A7FD2BB5}.Ad-Hoc|ARM.Build.0 = Release|ARM
		{DBBF01D0-8CE6-440F-8DD8-7641A7FD2BB5}.Ad-Hoc|ARM.Deploy.0 = Release|ARM
		{DBBF01D0-8CE6-440F-8DD8-7641A7FD2BB5}.Ad-Hoc|iPhone.ActiveCfg = Release|x86
		{DBBF01D0-8CE6-440F-8DD8-7641A7FD2BB5}.Ad-Hoc|iPhone.Build.0 = Release|x86
		{DBBF01D0-8CE6-440F-8DD8-7641A7FD2BB5}.Ad-Hoc|iPhone.Deploy.0 = Release|x86
		{DBBF01D0-8CE6-440F-8DD8-7641A7FD2BB5}.Ad-Hoc|iPhoneSimulator.ActiveCfg = Release|x86
		{DBBF01D0-8CE6-440F-8DD8-7641A7FD2BB5}.Ad-Hoc|iPhoneSimulator.Build.0 = Release|x86
		{DBBF01D0-8CE6-440F-8DD8-7641A7FD2BB5}.Ad-Hoc|iPhoneSimulator.Deploy.0 = Release|x86
		{DBBF01D0-8CE6-440F-8DD8-7641A7FD2BB5}.Ad-Hoc|x64.ActiveCfg = Release|x64
		{DBBF01D0-8CE6-440F-8DD8-7641A7FD2BB5}.Ad-Hoc|x64.Build.0 = Release|x64
		{DBBF01D0-8CE6-440F-8DD8-7641A7FD2BB5}.Ad-Hoc|x64.Deploy.0 = Release|x64
		{DBBF01D0-8CE6-440F-8DD8-7641A7FD2BB5}.Ad-Hoc|x86.ActiveCfg = Release|x86
		{DBBF01D0-8CE6-440F-8DD8-7641A7FD2BB5}.Ad-Hoc|x86.Build.0 = Release|x86
		{DBBF01D0-8CE6-440F-8DD8-7641A7FD2BB5}.Ad-Hoc|x86.Deploy.0 = Release|x86
		{DBBF01D0-8CE6-440F-8DD8-7641A7FD2BB5}.AppStore|Any CPU.ActiveCfg = Release|x86
		{DBBF01D0-8CE6-440F-8DD8-7641A7FD2BB5}.AppStore|Any CPU.Build.0 = Release|x86
		{DBBF01D0-8CE6-440F-8DD8-7641A7FD2BB5}.AppStore|Any CPU.Deploy.0 = Release|x86
		{DBBF01D0-8CE6-440F-8DD8-7641A7FD2BB5}.AppStore|ARM.ActiveCfg = Release|ARM
		{DBBF01D0-8CE6-440F-8DD8-7641A7FD2BB5}.AppStore|ARM.Build.0 = Release|ARM
		{DBBF01D0-8CE6-440F-8DD8-7641A7FD2BB5}.AppStore|ARM.Deploy.0 = Release|ARM
		{DBBF01D0-8CE6-440F-8DD8-7641A7FD2BB5}.AppStore|iPhone.ActiveCfg = Release|x86
		{DBBF01D0-8CE6-440F-8DD8-7641A7FD2BB5}.AppStore|iPhone.Build.0 = Release|x86
		{DBBF01D0-8CE6-440F-8DD8-7641A7FD2BB5}.AppStore|iPhone.Deploy.0 = Release|x86
		{DBBF01D0-8CE6-440F-8DD8-7641A7FD2BB5}.AppStore|iPhoneSimulator.ActiveCfg = Release|x86
		{DBBF01D0-8CE6-440F-8DD8-7641A7FD2BB5}.AppStore|iPhoneSimulator.Build.0 = Release|x86
		{DBBF01D0-8CE6-440F-8DD8-7641A7FD2BB5}.AppStore|iPhoneSimulator.Deploy.0 = Release|x86
		{DBBF01D0-8CE6-440F-8DD8-7641A7FD2BB5}.AppStore|x64.ActiveCfg = Release|x64
		{DBBF01D0-8CE6-440F-8DD8-7641A7FD2BB5}.AppStore|x64.Build.0 = Release|x64
		{DBBF01D0-8CE6-440F-8DD8-7641A7FD2BB5}.AppStore|x64.Deploy.0 = Release|x64
		{DBBF01D0-8CE6-440F-8DD8-7641A7FD2BB5}.AppStore|x86.ActiveCfg = Release|x86
		{DBBF01D0-8CE6-440F-8DD8-7641A7FD2BB5}.AppStore|x86.Build.0 = Release|x86
		{DBBF01D0-8CE6-440F-8DD8-7641A7FD2BB5}.AppStore|x86.Deploy.0 = Release|x86
		{DBBF01D0-8CE6-440F-8DD8-7641A7FD2BB5}.Debug|Any CPU.ActiveCfg = Debug|x86
		{DBBF01D0-8CE6-440F-8DD8-7641A7FD2BB5}.Debug|ARM.ActiveCfg = Debug|ARM
		{DBBF01D0-8CE6-440F-8DD8-7641A7FD2BB5}.Debug|ARM.Build.0 = Debug|ARM
		{DBBF01D0-8CE6-440F-8DD8-7641A7FD2BB5}.Debug|ARM.Deploy.0 = Debug|ARM
		{DBBF01D0-8CE6-440F-8DD8-7641A7FD2BB5}.Debug|iPhone.ActiveCfg = Debug|x86
		{DBBF01D0-8CE6-440F-8DD8-7641A7FD2BB5}.Debug|iPhoneSimulator.ActiveCfg = Debug|x86
		{DBBF01D0-8CE6-440F-8DD8-7641A7FD2BB5}.Debug|x64.ActiveCfg = Debug|x64
		{DBBF01D0-8CE6-440F-8DD8-7641A7FD2BB5}.Debug|x64.Build.0 = Debug|x64
		{DBBF01D0-8CE6-440F-8DD8-7641A7FD2BB5}.Debug|x64.Deploy.0 = Debug|x64
		{DBBF01D0-8CE6-440F-8DD8-7641A7FD2BB5}.Debug|x86.ActiveCfg = Debug|x86
		{DBBF01D0-8CE6-440F-8DD8-7641A7FD2BB5}.Debug|x86.Build.0 = Debug|x86
		{DBBF01D0-8CE6-440F-8DD8-7641A7FD2BB5}.Debug|x86.Deploy.0 = Debug|x86
		{DBBF01D0-8CE6-440F-8DD8-7641A7FD2BB5}.Release|Any CPU.ActiveCfg = Release|x86
		{DBBF01D0-8CE6-440F-8DD8-7641A7FD2BB5}.Release|ARM.ActiveCfg = Release|ARM
		{DBBF01D0-8CE6-440F-8DD8-7641A7FD2BB5}.Release|ARM.Build.0 = Release|ARM
		{DBBF01D0-8CE6-440F-8DD8-7641A7FD2BB5}.Release|ARM.Deploy.0 = Release|ARM
		{DBBF01D0-8CE6-440F-8DD8-7641A7FD2BB5}.Release|iPhone.ActiveCfg = Release|x86
		{DBBF01D0-8CE6-440F-8DD8-7641A7FD2BB5}.Release|iPhoneSimulator.ActiveCfg = Release|x86
		{DBBF01D0-8CE6-440F-8DD8-7641A7FD2BB5}.Release|x64.ActiveCfg = Release|x64
		{DBBF01D0-8CE6-440F-8DD8-7641A7FD2BB5}.Release|x64.Build.0 = Release|x64
		{DBBF01D0-8CE6-440F-8DD8-7641A7FD2BB5}.Release|x64.Deploy.0 = Release|x64
		{DBBF01D0-8CE6-440F-8DD8-7641A7FD2BB5}.Release|x86.ActiveCfg = Release|x86
		{DBBF01D0-8CE6-440F-8DD8-7641A7FD2BB5}.Release|x86.Build.0 = Release|x86
		{DBBF01D0-8CE6-440F-8DD8-7641A7FD2BB5}.Release|x86.Deploy.0 = Release|x86
		{40642777-6949-4C60-9F4A-965ACC4B56DB}.Ad-Hoc|Any CPU.ActiveCfg = Debug|Any CPU
		{40642777-6949-4C60-9F4A-965ACC4B56DB}.Ad-Hoc|Any CPU.Build.0 = Debug|Any CPU
		{40642777-6949-4C60-9F4A-965ACC4B56DB}.Ad-Hoc|ARM.ActiveCfg = Debug|Any CPU
		{40642777-6949-4C60-9F4A-965ACC4B56DB}.Ad-Hoc|ARM.Build.0 = Debug|Any CPU
		{40642777-6949-4C60-9F4A-965ACC4B56DB}.Ad-Hoc|iPhone.ActiveCfg = Debug|Any CPU
		{40642777-6949-4C60-9F4A-965ACC4B56DB}.Ad-Hoc|iPhone.Build.0 = Debug|Any CPU
		{40642777-6949-4C60-9F4A-965ACC4B56DB}.Ad-Hoc|iPhoneSimulator.ActiveCfg = Debug|Any CPU
		{40642777-6949-4C60-9F4A-965ACC4B56DB}.Ad-Hoc|iPhoneSimulator.Build.0 = Debug|Any CPU
		{40642777-6949-4C60-9F4A-965ACC4B56DB}.Ad-Hoc|x64.ActiveCfg = Debug|Any CPU
		{40642777-6949-4C60-9F4A-965ACC4B56DB}.Ad-Hoc|x64.Build.0 = Debug|Any CPU
		{40642777-6949-4C60-9F4A-965ACC4B56DB}.Ad-Hoc|x86.ActiveCfg = Debug|Any CPU
		{40642777-6949-4C60-9F4A-965ACC4B56DB}.Ad-Hoc|x86.Build.0 = Debug|Any CPU
		{40642777-6949-4C60-9F4A-965ACC4B56DB}.AppStore|Any CPU.ActiveCfg = Debug|Any CPU
		{40642777-6949-4C60-9F4A-965ACC4B56DB}.AppStore|Any CPU.Build.0 = Debug|Any CPU
		{40642777-6949-4C60-9F4A-965ACC4B56DB}.AppStore|ARM.ActiveCfg = Debug|Any CPU
		{40642777-6949-4C60-9F4A-965ACC4B56DB}.AppStore|ARM.Build.0 = Debug|Any CPU
		{40642777-6949-4C60-9F4A-965ACC4B56DB}.AppStore|iPhone.ActiveCfg = Debug|Any CPU
		{40642777-6949-4C60-9F4A-965ACC4B56DB}.AppStore|iPhone.Build.0 = Debug|Any CPU
		{40642777-6949-4C60-9F4A-965ACC4B56DB}.AppStore|iPhoneSimulator.ActiveCfg = Debug|Any CPU
		{40642777-6949-4C60-9F4A-965ACC4B56DB}.AppStore|iPhoneSimulator.Build.0 = Debug|Any CPU
		{40642777-6949-4C60-9F4A-965ACC4B56DB}.AppStore|x64.ActiveCfg = Debug|Any CPU
		{40642777-6949-4C60-9F4A-965ACC4B56DB}.AppStore|x64.Build.0 = Debug|Any CPU
		{40642777-6949-4C60-9F4A-965ACC4B56DB}.AppStore|x86.ActiveCfg = Debug|Any CPU
		{40642777-6949-4C60-9F4A-965ACC4B56DB}.AppStore|x86.Build.0 = Debug|Any CPU
		{40642777-6949-4C60-9F4A-965ACC4B56DB}.Debug|Any CPU.ActiveCfg = Debug|Any CPU
		{40642777-6949-4C60-9F4A-965ACC4B56DB}.Debug|Any CPU.Build.0 = Debug|Any CPU
		{40642777-6949-4C60-9F4A-965ACC4B56DB}.Debug|ARM.ActiveCfg = Debug|Any CPU
		{40642777-6949-4C60-9F4A-965ACC4B56DB}.Debug|ARM.Build.0 = Debug|Any CPU
		{40642777-6949-4C60-9F4A-965ACC4B56DB}.Debug|iPhone.ActiveCfg = Debug|Any CPU
		{40642777-6949-4C60-9F4A-965ACC4B56DB}.Debug|iPhone.Build.0 = Debug|Any CPU
		{40642777-6949-4C60-9F4A-965ACC4B56DB}.Debug|iPhoneSimulator.ActiveCfg = Debug|Any CPU
		{40642777-6949-4C60-9F4A-965ACC4B56DB}.Debug|iPhoneSimulator.Build.0 = Debug|Any CPU
		{40642777-6949-4C60-9F4A-965ACC4B56DB}.Debug|x64.ActiveCfg = Debug|Any CPU
		{40642777-6949-4C60-9F4A-965ACC4B56DB}.Debug|x64.Build.0 = Debug|Any CPU
		{40642777-6949-4C60-9F4A-965ACC4B56DB}.Debug|x86.ActiveCfg = Debug|Any CPU
		{40642777-6949-4C60-9F4A-965ACC4B56DB}.Debug|x86.Build.0 = Debug|Any CPU
		{40642777-6949-4C60-9F4A-965ACC4B56DB}.Release|Any CPU.ActiveCfg = Release|Any CPU
		{40642777-6949-4C60-9F4A-965ACC4B56DB}.Release|Any CPU.Build.0 = Release|Any CPU
		{40642777-6949-4C60-9F4A-965ACC4B56DB}.Release|ARM.ActiveCfg = Release|Any CPU
		{40642777-6949-4C60-9F4A-965ACC4B56DB}.Release|ARM.Build.0 = Release|Any CPU
		{40642777-6949-4C60-9F4A-965ACC4B56DB}.Release|iPhone.ActiveCfg = Release|Any CPU
		{40642777-6949-4C60-9F4A-965ACC4B56DB}.Release|iPhone.Build.0 = Release|Any CPU
		{40642777-6949-4C60-9F4A-965ACC4B56DB}.Release|iPhoneSimulator.ActiveCfg = Release|Any CPU
		{40642777-6949-4C60-9F4A-965ACC4B56DB}.Release|iPhoneSimulator.Build.0 = Release|Any CPU
		{40642777-6949-4C60-9F4A-965ACC4B56DB}.Release|x64.ActiveCfg = Release|Any CPU
		{40642777-6949-4C60-9F4A-965ACC4B56DB}.Release|x64.Build.0 = Release|Any CPU
		{40642777-6949-4C60-9F4A-965ACC4B56DB}.Release|x86.ActiveCfg = Release|Any CPU
		{40642777-6949-4C60-9F4A-965ACC4B56DB}.Release|x86.Build.0 = Release|Any CPU
		{8CDD6087-F302-484E-A8A8-C59706761D68}.Ad-Hoc|Any CPU.ActiveCfg = Debug|Any CPU
		{8CDD6087-F302-484E-A8A8-C59706761D68}.Ad-Hoc|Any CPU.Build.0 = Debug|Any CPU
		{8CDD6087-F302-484E-A8A8-C59706761D68}.Ad-Hoc|ARM.ActiveCfg = Debug|Any CPU
		{8CDD6087-F302-484E-A8A8-C59706761D68}.Ad-Hoc|ARM.Build.0 = Debug|Any CPU
		{8CDD6087-F302-484E-A8A8-C59706761D68}.Ad-Hoc|iPhone.ActiveCfg = Debug|Any CPU
		{8CDD6087-F302-484E-A8A8-C59706761D68}.Ad-Hoc|iPhone.Build.0 = Debug|Any CPU
		{8CDD6087-F302-484E-A8A8-C59706761D68}.Ad-Hoc|iPhoneSimulator.ActiveCfg = Debug|Any CPU
		{8CDD6087-F302-484E-A8A8-C59706761D68}.Ad-Hoc|iPhoneSimulator.Build.0 = Debug|Any CPU
		{8CDD6087-F302-484E-A8A8-C59706761D68}.Ad-Hoc|x64.ActiveCfg = Debug|Any CPU
		{8CDD6087-F302-484E-A8A8-C59706761D68}.Ad-Hoc|x64.Build.0 = Debug|Any CPU
		{8CDD6087-F302-484E-A8A8-C59706761D68}.Ad-Hoc|x86.ActiveCfg = Debug|Any CPU
		{8CDD6087-F302-484E-A8A8-C59706761D68}.Ad-Hoc|x86.Build.0 = Debug|Any CPU
		{8CDD6087-F302-484E-A8A8-C59706761D68}.AppStore|Any CPU.ActiveCfg = Debug|Any CPU
		{8CDD6087-F302-484E-A8A8-C59706761D68}.AppStore|Any CPU.Build.0 = Debug|Any CPU
		{8CDD6087-F302-484E-A8A8-C59706761D68}.AppStore|ARM.ActiveCfg = Debug|Any CPU
		{8CDD6087-F302-484E-A8A8-C59706761D68}.AppStore|ARM.Build.0 = Debug|Any CPU
		{8CDD6087-F302-484E-A8A8-C59706761D68}.AppStore|iPhone.ActiveCfg = Debug|Any CPU
		{8CDD6087-F302-484E-A8A8-C59706761D68}.AppStore|iPhone.Build.0 = Debug|Any CPU
		{8CDD6087-F302-484E-A8A8-C59706761D68}.AppStore|iPhoneSimulator.ActiveCfg = Debug|Any CPU
		{8CDD6087-F302-484E-A8A8-C59706761D68}.AppStore|iPhoneSimulator.Build.0 = Debug|Any CPU
		{8CDD6087-F302-484E-A8A8-C59706761D68}.AppStore|x64.ActiveCfg = Debug|Any CPU
		{8CDD6087-F302-484E-A8A8-C59706761D68}.AppStore|x64.Build.0 = Debug|Any CPU
		{8CDD6087-F302-484E-A8A8-C59706761D68}.AppStore|x86.ActiveCfg = Debug|Any CPU
		{8CDD6087-F302-484E-A8A8-C59706761D68}.AppStore|x86.Build.0 = Debug|Any CPU
		{8CDD6087-F302-484E-A8A8-C59706761D68}.Debug|Any CPU.ActiveCfg = Debug|Any CPU
		{8CDD6087-F302-484E-A8A8-C59706761D68}.Debug|Any CPU.Build.0 = Debug|Any CPU
		{8CDD6087-F302-484E-A8A8-C59706761D68}.Debug|ARM.ActiveCfg = Debug|Any CPU
		{8CDD6087-F302-484E-A8A8-C59706761D68}.Debug|ARM.Build.0 = Debug|Any CPU
		{8CDD6087-F302-484E-A8A8-C59706761D68}.Debug|iPhone.ActiveCfg = Debug|Any CPU
		{8CDD6087-F302-484E-A8A8-C59706761D68}.Debug|iPhone.Build.0 = Debug|Any CPU
		{8CDD6087-F302-484E-A8A8-C59706761D68}.Debug|iPhoneSimulator.ActiveCfg = Debug|Any CPU
		{8CDD6087-F302-484E-A8A8-C59706761D68}.Debug|iPhoneSimulator.Build.0 = Debug|Any CPU
		{8CDD6087-F302-484E-A8A8-C59706761D68}.Debug|x64.ActiveCfg = Debug|Any CPU
		{8CDD6087-F302-484E-A8A8-C59706761D68}.Debug|x64.Build.0 = Debug|Any CPU
		{8CDD6087-F302-484E-A8A8-C59706761D68}.Debug|x86.ActiveCfg = Debug|Any CPU
		{8CDD6087-F302-484E-A8A8-C59706761D68}.Debug|x86.Build.0 = Debug|Any CPU
		{8CDD6087-F302-484E-A8A8-C59706761D68}.Release|Any CPU.ActiveCfg = Release|Any CPU
		{8CDD6087-F302-484E-A8A8-C59706761D68}.Release|Any CPU.Build.0 = Release|Any CPU
		{8CDD6087-F302-484E-A8A8-C59706761D68}.Release|ARM.ActiveCfg = Release|Any CPU
		{8CDD6087-F302-484E-A8A8-C59706761D68}.Release|ARM.Build.0 = Release|Any CPU
		{8CDD6087-F302-484E-A8A8-C59706761D68}.Release|iPhone.ActiveCfg = Release|Any CPU
		{8CDD6087-F302-484E-A8A8-C59706761D68}.Release|iPhone.Build.0 = Release|Any CPU
		{8CDD6087-F302-484E-A8A8-C59706761D68}.Release|iPhoneSimulator.ActiveCfg = Release|Any CPU
		{8CDD6087-F302-484E-A8A8-C59706761D68}.Release|iPhoneSimulator.Build.0 = Release|Any CPU
		{8CDD6087-F302-484E-A8A8-C59706761D68}.Release|x64.ActiveCfg = Release|Any CPU
		{8CDD6087-F302-484E-A8A8-C59706761D68}.Release|x64.Build.0 = Release|Any CPU
		{8CDD6087-F302-484E-A8A8-C59706761D68}.Release|x86.ActiveCfg = Release|Any CPU
		{8CDD6087-F302-484E-A8A8-C59706761D68}.Release|x86.Build.0 = Release|Any CPU
		{A67C4DB5-413E-48A1-BB16-636991B2D102}.Ad-Hoc|Any CPU.ActiveCfg = Debug|Any CPU
		{A67C4DB5-413E-48A1-BB16-636991B2D102}.Ad-Hoc|Any CPU.Build.0 = Debug|Any CPU
		{A67C4DB5-413E-48A1-BB16-636991B2D102}.Ad-Hoc|ARM.ActiveCfg = Debug|Any CPU
		{A67C4DB5-413E-48A1-BB16-636991B2D102}.Ad-Hoc|ARM.Build.0 = Debug|Any CPU
		{A67C4DB5-413E-48A1-BB16-636991B2D102}.Ad-Hoc|iPhone.ActiveCfg = Debug|Any CPU
		{A67C4DB5-413E-48A1-BB16-636991B2D102}.Ad-Hoc|iPhone.Build.0 = Debug|Any CPU
		{A67C4DB5-413E-48A1-BB16-636991B2D102}.Ad-Hoc|iPhoneSimulator.ActiveCfg = Debug|Any CPU
		{A67C4DB5-413E-48A1-BB16-636991B2D102}.Ad-Hoc|iPhoneSimulator.Build.0 = Debug|Any CPU
		{A67C4DB5-413E-48A1-BB16-636991B2D102}.Ad-Hoc|x64.ActiveCfg = Debug|Any CPU
		{A67C4DB5-413E-48A1-BB16-636991B2D102}.Ad-Hoc|x64.Build.0 = Debug|Any CPU
		{A67C4DB5-413E-48A1-BB16-636991B2D102}.Ad-Hoc|x86.ActiveCfg = Debug|Any CPU
		{A67C4DB5-413E-48A1-BB16-636991B2D102}.Ad-Hoc|x86.Build.0 = Debug|Any CPU
		{A67C4DB5-413E-48A1-BB16-636991B2D102}.AppStore|Any CPU.ActiveCfg = Debug|Any CPU
		{A67C4DB5-413E-48A1-BB16-636991B2D102}.AppStore|Any CPU.Build.0 = Debug|Any CPU
		{A67C4DB5-413E-48A1-BB16-636991B2D102}.AppStore|ARM.ActiveCfg = Debug|Any CPU
		{A67C4DB5-413E-48A1-BB16-636991B2D102}.AppStore|ARM.Build.0 = Debug|Any CPU
		{A67C4DB5-413E-48A1-BB16-636991B2D102}.AppStore|iPhone.ActiveCfg = Debug|Any CPU
		{A67C4DB5-413E-48A1-BB16-636991B2D102}.AppStore|iPhone.Build.0 = Debug|Any CPU
		{A67C4DB5-413E-48A1-BB16-636991B2D102}.AppStore|iPhoneSimulator.ActiveCfg = Debug|Any CPU
		{A67C4DB5-413E-48A1-BB16-636991B2D102}.AppStore|iPhoneSimulator.Build.0 = Debug|Any CPU
		{A67C4DB5-413E-48A1-BB16-636991B2D102}.AppStore|x64.ActiveCfg = Debug|Any CPU
		{A67C4DB5-413E-48A1-BB16-636991B2D102}.AppStore|x64.Build.0 = Debug|Any CPU
		{A67C4DB5-413E-48A1-BB16-636991B2D102}.AppStore|x86.ActiveCfg = Debug|Any CPU
		{A67C4DB5-413E-48A1-BB16-636991B2D102}.AppStore|x86.Build.0 = Debug|Any CPU
		{A67C4DB5-413E-48A1-BB16-636991B2D102}.Debug|Any CPU.ActiveCfg = Debug|Any CPU
		{A67C4DB5-413E-48A1-BB16-636991B2D102}.Debug|Any CPU.Build.0 = Debug|Any CPU
		{A67C4DB5-413E-48A1-BB16-636991B2D102}.Debug|ARM.ActiveCfg = Debug|Any CPU
		{A67C4DB5-413E-48A1-BB16-636991B2D102}.Debug|ARM.Build.0 = Debug|Any CPU
		{A67C4DB5-413E-48A1-BB16-636991B2D102}.Debug|iPhone.ActiveCfg = Debug|Any CPU
		{A67C4DB5-413E-48A1-BB16-636991B2D102}.Debug|iPhone.Build.0 = Debug|Any CPU
		{A67C4DB5-413E-48A1-BB16-636991B2D102}.Debug|iPhoneSimulator.ActiveCfg = Debug|Any CPU
		{A67C4DB5-413E-48A1-BB16-636991B2D102}.Debug|iPhoneSimulator.Build.0 = Debug|Any CPU
		{A67C4DB5-413E-48A1-BB16-636991B2D102}.Debug|x64.ActiveCfg = Debug|Any CPU
		{A67C4DB5-413E-48A1-BB16-636991B2D102}.Debug|x64.Build.0 = Debug|Any CPU
		{A67C4DB5-413E-48A1-BB16-636991B2D102}.Debug|x86.ActiveCfg = Debug|Any CPU
		{A67C4DB5-413E-48A1-BB16-636991B2D102}.Debug|x86.Build.0 = Debug|Any CPU
		{A67C4DB5-413E-48A1-BB16-636991B2D102}.Release|Any CPU.ActiveCfg = Release|Any CPU
		{A67C4DB5-413E-48A1-BB16-636991B2D102}.Release|Any CPU.Build.0 = Release|Any CPU
		{A67C4DB5-413E-48A1-BB16-636991B2D102}.Release|ARM.ActiveCfg = Release|Any CPU
		{A67C4DB5-413E-48A1-BB16-636991B2D102}.Release|ARM.Build.0 = Release|Any CPU
		{A67C4DB5-413E-48A1-BB16-636991B2D102}.Release|iPhone.ActiveCfg = Release|Any CPU
		{A67C4DB5-413E-48A1-BB16-636991B2D102}.Release|iPhone.Build.0 = Release|Any CPU
		{A67C4DB5-413E-48A1-BB16-636991B2D102}.Release|iPhoneSimulator.ActiveCfg = Release|Any CPU
		{A67C4DB5-413E-48A1-BB16-636991B2D102}.Release|iPhoneSimulator.Build.0 = Release|Any CPU
		{A67C4DB5-413E-48A1-BB16-636991B2D102}.Release|x64.ActiveCfg = Release|Any CPU
		{A67C4DB5-413E-48A1-BB16-636991B2D102}.Release|x64.Build.0 = Release|Any CPU
		{A67C4DB5-413E-48A1-BB16-636991B2D102}.Release|x86.ActiveCfg = Release|Any CPU
		{A67C4DB5-413E-48A1-BB16-636991B2D102}.Release|x86.Build.0 = Release|Any CPU
		{8B7C05B1-9CD1-48FC-8E11-5707CC11CDF5}.Ad-Hoc|Any CPU.ActiveCfg = Debug|Any CPU
		{8B7C05B1-9CD1-48FC-8E11-5707CC11CDF5}.Ad-Hoc|Any CPU.Build.0 = Debug|Any CPU
		{8B7C05B1-9CD1-48FC-8E11-5707CC11CDF5}.Ad-Hoc|ARM.ActiveCfg = Debug|Any CPU
		{8B7C05B1-9CD1-48FC-8E11-5707CC11CDF5}.Ad-Hoc|ARM.Build.0 = Debug|Any CPU
		{8B7C05B1-9CD1-48FC-8E11-5707CC11CDF5}.Ad-Hoc|iPhone.ActiveCfg = Debug|Any CPU
		{8B7C05B1-9CD1-48FC-8E11-5707CC11CDF5}.Ad-Hoc|iPhone.Build.0 = Debug|Any CPU
		{8B7C05B1-9CD1-48FC-8E11-5707CC11CDF5}.Ad-Hoc|iPhoneSimulator.ActiveCfg = Debug|Any CPU
		{8B7C05B1-9CD1-48FC-8E11-5707CC11CDF5}.Ad-Hoc|iPhoneSimulator.Build.0 = Debug|Any CPU
		{8B7C05B1-9CD1-48FC-8E11-5707CC11CDF5}.Ad-Hoc|x64.ActiveCfg = Debug|Any CPU
		{8B7C05B1-9CD1-48FC-8E11-5707CC11CDF5}.Ad-Hoc|x64.Build.0 = Debug|Any CPU
		{8B7C05B1-9CD1-48FC-8E11-5707CC11CDF5}.Ad-Hoc|x86.ActiveCfg = Debug|Any CPU
		{8B7C05B1-9CD1-48FC-8E11-5707CC11CDF5}.Ad-Hoc|x86.Build.0 = Debug|Any CPU
		{8B7C05B1-9CD1-48FC-8E11-5707CC11CDF5}.AppStore|Any CPU.ActiveCfg = Debug|Any CPU
		{8B7C05B1-9CD1-48FC-8E11-5707CC11CDF5}.AppStore|Any CPU.Build.0 = Debug|Any CPU
		{8B7C05B1-9CD1-48FC-8E11-5707CC11CDF5}.AppStore|ARM.ActiveCfg = Debug|Any CPU
		{8B7C05B1-9CD1-48FC-8E11-5707CC11CDF5}.AppStore|ARM.Build.0 = Debug|Any CPU
		{8B7C05B1-9CD1-48FC-8E11-5707CC11CDF5}.AppStore|iPhone.ActiveCfg = Debug|Any CPU
		{8B7C05B1-9CD1-48FC-8E11-5707CC11CDF5}.AppStore|iPhone.Build.0 = Debug|Any CPU
		{8B7C05B1-9CD1-48FC-8E11-5707CC11CDF5}.AppStore|iPhoneSimulator.ActiveCfg = Debug|Any CPU
		{8B7C05B1-9CD1-48FC-8E11-5707CC11CDF5}.AppStore|iPhoneSimulator.Build.0 = Debug|Any CPU
		{8B7C05B1-9CD1-48FC-8E11-5707CC11CDF5}.AppStore|x64.ActiveCfg = Debug|Any CPU
		{8B7C05B1-9CD1-48FC-8E11-5707CC11CDF5}.AppStore|x64.Build.0 = Debug|Any CPU
		{8B7C05B1-9CD1-48FC-8E11-5707CC11CDF5}.AppStore|x86.ActiveCfg = Debug|Any CPU
		{8B7C05B1-9CD1-48FC-8E11-5707CC11CDF5}.AppStore|x86.Build.0 = Debug|Any CPU
		{8B7C05B1-9CD1-48FC-8E11-5707CC11CDF5}.Debug|Any CPU.ActiveCfg = Debug|Any CPU
		{8B7C05B1-9CD1-48FC-8E11-5707CC11CDF5}.Debug|Any CPU.Build.0 = Debug|Any CPU
		{8B7C05B1-9CD1-48FC-8E11-5707CC11CDF5}.Debug|ARM.ActiveCfg = Debug|Any CPU
		{8B7C05B1-9CD1-48FC-8E11-5707CC11CDF5}.Debug|ARM.Build.0 = Debug|Any CPU
		{8B7C05B1-9CD1-48FC-8E11-5707CC11CDF5}.Debug|iPhone.ActiveCfg = Debug|Any CPU
		{8B7C05B1-9CD1-48FC-8E11-5707CC11CDF5}.Debug|iPhone.Build.0 = Debug|Any CPU
		{8B7C05B1-9CD1-48FC-8E11-5707CC11CDF5}.Debug|iPhoneSimulator.ActiveCfg = Debug|Any CPU
		{8B7C05B1-9CD1-48FC-8E11-5707CC11CDF5}.Debug|iPhoneSimulator.Build.0 = Debug|Any CPU
		{8B7C05B1-9CD1-48FC-8E11-5707CC11CDF5}.Debug|x64.ActiveCfg = Debug|Any CPU
		{8B7C05B1-9CD1-48FC-8E11-5707CC11CDF5}.Debug|x64.Build.0 = Debug|Any CPU
		{8B7C05B1-9CD1-48FC-8E11-5707CC11CDF5}.Debug|x86.ActiveCfg = Debug|Any CPU
		{8B7C05B1-9CD1-48FC-8E11-5707CC11CDF5}.Debug|x86.Build.0 = Debug|Any CPU
		{8B7C05B1-9CD1-48FC-8E11-5707CC11CDF5}.Release|Any CPU.ActiveCfg = Release|Any CPU
		{8B7C05B1-9CD1-48FC-8E11-5707CC11CDF5}.Release|Any CPU.Build.0 = Release|Any CPU
		{8B7C05B1-9CD1-48FC-8E11-5707CC11CDF5}.Release|ARM.ActiveCfg = Release|Any CPU
		{8B7C05B1-9CD1-48FC-8E11-5707CC11CDF5}.Release|ARM.Build.0 = Release|Any CPU
		{8B7C05B1-9CD1-48FC-8E11-5707CC11CDF5}.Release|iPhone.ActiveCfg = Release|Any CPU
		{8B7C05B1-9CD1-48FC-8E11-5707CC11CDF5}.Release|iPhone.Build.0 = Release|Any CPU
		{8B7C05B1-9CD1-48FC-8E11-5707CC11CDF5}.Release|iPhoneSimulator.ActiveCfg = Release|Any CPU
		{8B7C05B1-9CD1-48FC-8E11-5707CC11CDF5}.Release|iPhoneSimulator.Build.0 = Release|Any CPU
		{8B7C05B1-9CD1-48FC-8E11-5707CC11CDF5}.Release|x64.ActiveCfg = Release|Any CPU
		{8B7C05B1-9CD1-48FC-8E11-5707CC11CDF5}.Release|x64.Build.0 = Release|Any CPU
		{8B7C05B1-9CD1-48FC-8E11-5707CC11CDF5}.Release|x86.ActiveCfg = Release|Any CPU
		{8B7C05B1-9CD1-48FC-8E11-5707CC11CDF5}.Release|x86.Build.0 = Release|Any CPU
		{B37FCDC1-7B90-427B-84EA-E04C723639B8}.Ad-Hoc|Any CPU.ActiveCfg = Debug|Any CPU
		{B37FCDC1-7B90-427B-84EA-E04C723639B8}.Ad-Hoc|Any CPU.Build.0 = Debug|Any CPU
		{B37FCDC1-7B90-427B-84EA-E04C723639B8}.Ad-Hoc|ARM.ActiveCfg = Debug|Any CPU
		{B37FCDC1-7B90-427B-84EA-E04C723639B8}.Ad-Hoc|ARM.Build.0 = Debug|Any CPU
		{B37FCDC1-7B90-427B-84EA-E04C723639B8}.Ad-Hoc|iPhone.ActiveCfg = Debug|Any CPU
		{B37FCDC1-7B90-427B-84EA-E04C723639B8}.Ad-Hoc|iPhone.Build.0 = Debug|Any CPU
		{B37FCDC1-7B90-427B-84EA-E04C723639B8}.Ad-Hoc|iPhoneSimulator.ActiveCfg = Debug|Any CPU
		{B37FCDC1-7B90-427B-84EA-E04C723639B8}.Ad-Hoc|iPhoneSimulator.Build.0 = Debug|Any CPU
		{B37FCDC1-7B90-427B-84EA-E04C723639B8}.Ad-Hoc|x64.ActiveCfg = Debug|Any CPU
		{B37FCDC1-7B90-427B-84EA-E04C723639B8}.Ad-Hoc|x64.Build.0 = Debug|Any CPU
		{B37FCDC1-7B90-427B-84EA-E04C723639B8}.Ad-Hoc|x86.ActiveCfg = Debug|Any CPU
		{B37FCDC1-7B90-427B-84EA-E04C723639B8}.Ad-Hoc|x86.Build.0 = Debug|Any CPU
		{B37FCDC1-7B90-427B-84EA-E04C723639B8}.AppStore|Any CPU.ActiveCfg = Debug|Any CPU
		{B37FCDC1-7B90-427B-84EA-E04C723639B8}.AppStore|Any CPU.Build.0 = Debug|Any CPU
		{B37FCDC1-7B90-427B-84EA-E04C723639B8}.AppStore|ARM.ActiveCfg = Debug|Any CPU
		{B37FCDC1-7B90-427B-84EA-E04C723639B8}.AppStore|ARM.Build.0 = Debug|Any CPU
		{B37FCDC1-7B90-427B-84EA-E04C723639B8}.AppStore|iPhone.ActiveCfg = Debug|Any CPU
		{B37FCDC1-7B90-427B-84EA-E04C723639B8}.AppStore|iPhone.Build.0 = Debug|Any CPU
		{B37FCDC1-7B90-427B-84EA-E04C723639B8}.AppStore|iPhoneSimulator.ActiveCfg = Debug|Any CPU
		{B37FCDC1-7B90-427B-84EA-E04C723639B8}.AppStore|iPhoneSimulator.Build.0 = Debug|Any CPU
		{B37FCDC1-7B90-427B-84EA-E04C723639B8}.AppStore|x64.ActiveCfg = Debug|Any CPU
		{B37FCDC1-7B90-427B-84EA-E04C723639B8}.AppStore|x64.Build.0 = Debug|Any CPU
		{B37FCDC1-7B90-427B-84EA-E04C723639B8}.AppStore|x86.ActiveCfg = Debug|Any CPU
		{B37FCDC1-7B90-427B-84EA-E04C723639B8}.AppStore|x86.Build.0 = Debug|Any CPU
		{B37FCDC1-7B90-427B-84EA-E04C723639B8}.Debug|Any CPU.ActiveCfg = Debug|Any CPU
		{B37FCDC1-7B90-427B-84EA-E04C723639B8}.Debug|Any CPU.Build.0 = Debug|Any CPU
		{B37FCDC1-7B90-427B-84EA-E04C723639B8}.Debug|ARM.ActiveCfg = Debug|Any CPU
		{B37FCDC1-7B90-427B-84EA-E04C723639B8}.Debug|ARM.Build.0 = Debug|Any CPU
		{B37FCDC1-7B90-427B-84EA-E04C723639B8}.Debug|iPhone.ActiveCfg = Debug|Any CPU
		{B37FCDC1-7B90-427B-84EA-E04C723639B8}.Debug|iPhone.Build.0 = Debug|Any CPU
		{B37FCDC1-7B90-427B-84EA-E04C723639B8}.Debug|iPhoneSimulator.ActiveCfg = Debug|Any CPU
		{B37FCDC1-7B90-427B-84EA-E04C723639B8}.Debug|iPhoneSimulator.Build.0 = Debug|Any CPU
		{B37FCDC1-7B90-427B-84EA-E04C723639B8}.Debug|x64.ActiveCfg = Debug|Any CPU
		{B37FCDC1-7B90-427B-84EA-E04C723639B8}.Debug|x64.Build.0 = Debug|Any CPU
		{B37FCDC1-7B90-427B-84EA-E04C723639B8}.Debug|x86.ActiveCfg = Debug|Any CPU
		{B37FCDC1-7B90-427B-84EA-E04C723639B8}.Debug|x86.Build.0 = Debug|Any CPU
		{B37FCDC1-7B90-427B-84EA-E04C723639B8}.Release|Any CPU.ActiveCfg = Release|Any CPU
		{B37FCDC1-7B90-427B-84EA-E04C723639B8}.Release|Any CPU.Build.0 = Release|Any CPU
		{B37FCDC1-7B90-427B-84EA-E04C723639B8}.Release|ARM.ActiveCfg = Release|Any CPU
		{B37FCDC1-7B90-427B-84EA-E04C723639B8}.Release|ARM.Build.0 = Release|Any CPU
		{B37FCDC1-7B90-427B-84EA-E04C723639B8}.Release|iPhone.ActiveCfg = Release|Any CPU
		{B37FCDC1-7B90-427B-84EA-E04C723639B8}.Release|iPhone.Build.0 = Release|Any CPU
		{B37FCDC1-7B90-427B-84EA-E04C723639B8}.Release|iPhoneSimulator.ActiveCfg = Release|Any CPU
		{B37FCDC1-7B90-427B-84EA-E04C723639B8}.Release|iPhoneSimulator.Build.0 = Release|Any CPU
		{B37FCDC1-7B90-427B-84EA-E04C723639B8}.Release|x64.ActiveCfg = Release|Any CPU
		{B37FCDC1-7B90-427B-84EA-E04C723639B8}.Release|x64.Build.0 = Release|Any CPU
		{B37FCDC1-7B90-427B-84EA-E04C723639B8}.Release|x86.ActiveCfg = Release|Any CPU
		{B37FCDC1-7B90-427B-84EA-E04C723639B8}.Release|x86.Build.0 = Release|Any CPU
	EndGlobalSection
	GlobalSection(SolutionProperties) = preSolution
		HideSolutionNode = FALSE
	EndGlobalSection
	GlobalSection(ExtensibilityGlobals) = postSolution
		SolutionGuid = {4D541820-A1B9-46C0-8AA1-BB184B93C50E}
	EndGlobalSection
EndGlobal
